
Microsoft Visual Studio Solution File, Format Version 12.00
# Visual Studio Version 17
VisualStudioVersion = 17.8.34309.116
MinimumVisualStudioVersion = 10.0.40219.1
Project("{9A19103F-16F7-4668-BE54-9A1E7A4F7556}") = "PeFi.Proxy", "./src/PeFi.Proxy.csproj", "{BD2D68BB-2627-424C-9163-0C9361BB5F8D}"
EndProject
Global
	GlobalSection(SolutionConfigurationPlatforms) = preSolution
		Debug|Any CPU = Debug|Any CPU
		Release|Any CPU = Release|Any CPU
	EndGlobalSection
	GlobalSection(ProjectConfigurationPlatforms) = postSolution
		{BD2D68BB-2627-424C-9163-0C9361BB5F8D}.Debug|Any CPU.ActiveCfg = Debug|Any CPU
		{BD2D68BB-2627-424C-9163-0C9361BB5F8D}.Debug|Any CPU.Build.0 = Debug|Any CPU
		{BD2D68BB-2627-424C-9163-0C9361BB5F8D}.Release|Any CPU.ActiveCfg = Release|Any CPU
		{BD2D68BB-2627-424C-9163-0C9361BB5F8D}.Release|Any CPU.Build.0 = Release|Any CPU
	EndGlobalSection
	GlobalSection(SolutionProperties) = preSolution
		HideSolutionNode = FALSE
	EndGlobalSection
	GlobalSection(ExtensibilityGlobals) = postSolution
		SolutionGuid = {6397FE00-55D0-42CF-AC9F-E277A4DD0EE5}
	EndGlobalSection
EndGlobal
